{
  "requires": true,
  "lockfileVersion": 1,
  "dependencies": {
    "jquery": {
      "version": "3.3.1",
      "resolved": "https://registry.npmjs.org/jquery/-/jquery-3.3.1.tgz",
      "integrity": "sha512-Ubldcmxp5np52/ENotGxlLe6aGMvmF4R8S6tZjsP6Knsaxd/xp3Zrh50cG93lR6nPXyUFwzN3ZSOQI0wRJNdGg=="
    },
    "tablesorter": {
      "version": "2.30.1",
      "resolved": "https://registry.npmjs.org/tablesorter/-/tablesorter-2.30.1.tgz",
      "integrity": "sha512-DgTowWIyXu7trrLiTom5UTI2Ue4BTz37yLuKJ+nhs+38pad1/7wEpor5OD8sngOkKiZh3p5d85zZ2DPLDbHZyQ==",
      "requires": {
        "jquery": "3.3.1"
      }
    }
  }
}
